<?xml version="1.0" encoding="utf-8"?>
<Project ToolsVersion="4.0" xmlns="http://schemas.microsoft.com/developer/msbuild/2003">
  <ItemGroup>
    <Filter Include="common">
      <UniqueIdentifier>{10D106C6-A24F-41E4-9E98-111497D18AE8}</UniqueIdentifier>
    </Filter>
    <Filter Include="clogger">
      <UniqueIdentifier>{DC7816B4-520E-4568-AC2D-6619D41782E6}</UniqueIdentifier>
    </Filter>
    <Filter Include="common\win32">
      <UniqueIdentifier>{47bbdd8e-69fb-48ee-ad9d-64f3b5c82b4f}</UniqueIdentifier>
    </Filter>
  </ItemGroup>
  <ItemGroup>
    <ClInclude Include="..\..\source\common\basetype.h">
      <Filter>common</Filter>
    </ClInclude>
    <ClInclude Include="..\..\source\clogger\clogger_api.h">
      <Filter>clogger</Filter>
    </ClInclude>
    <ClInclude Include="..\..\source\clogger\clogger_def.h">
      <Filter>clogger</Filter>
    </ClInclude>
    <ClInclude Include="..\..\source\clogger\loggerconf.h">
      <Filter>clogger</Filter>
    </ClInclude>
    <ClInclude Include="..\..\source\clogger\loggermgr_i.h">
      <Filter>clogger</Filter>
    </ClInclude>
    <ClInclude Include="..\..\source\clogger\rollingfile.h">
      <Filter>clogger</Filter>
    </ClInclude>
    <ClInclude Include="..\..\source\clogger\shmmaplog.h">
      <Filter>clogger</Filter>
    </ClInclude>
    <ClInclude Include="..\..\source\clogger\logger_helper.h">
      <Filter>clogger</Filter>
    </ClInclude>
  </ItemGroup>
  <ItemGroup>
    <None Include="prepare.bat" />
    <None Include="update.bat" />
  </ItemGroup>
  <ItemGroup>
    <ClCompile Include="..\..\source\clogger\clogger.c">
      <Filter>clogger</Filter>
    </ClCompile>
    <ClCompile Include="..\..\source\clogger\loggerconf.c">
      <Filter>clogger</Filter>
    </ClCompile>
    <ClCompile Include="..\..\source\clogger\loggermgr.c">
      <Filter>clogger</Filter>
    </ClCompile>
    <ClCompile Include="..\..\source\clogger\rollingfile.c">
      <Filter>clogger</Filter>
    </ClCompile>
    <ClCompile Include="..\..\source\clogger\shmmaplog.c">
      <Filter>clogger</Filter>
    </ClCompile>
    <ClCompile Include="..\..\source\common\win32\syslog-client.c">
      <Filter>common\win32</Filter>
    </ClCompile>
    <ClCompile Include="..\..\source\common\readconf.c">
      <Filter>common</Filter>
    </ClCompile>
    <ClCompile Include="..\..\source\common\rtclock.c">
      <Filter>common</Filter>
    </ClCompile>
    <ClCompile Include="..\..\source\common\smallregex.c">
      <Filter>common</Filter>
    </ClCompile>
    <ClCompile Include="..\..\source\common\threadpool.c">
      <Filter>common</Filter>
    </ClCompile>
  </ItemGroup>
</Project>