
Microsoft Visual Studio Solution File, Format Version 12.00
# Visual Studio Version 17
VisualStudioVersion = 17.6.33801.468
MinimumVisualStudioVersion = 10.0.40219.1
Project("{8BC9CEB8-8B4A-11D0-8D11-00A0C91BC942}") = "libclogger", "libclogger\libclogger.vcxproj", "{D1619926-5DD8-4155-95B4-BA9C2FA52D91}"
EndProject
Project("{8BC9CEB8-8B4A-11D0-8D11-00A0C91BC942}") = "libclogger_dll", "libclogger_dll\libclogger_dll.vcxproj", "{58191E5A-62B6-44AA-83EF-47AA938E2DB9}"
EndProject
Project("{8BC9CEB8-8B4A-11D0-8D11-00A0C91BC942}") = "test_clogger", "test_clogger\test_clogger.vcxproj", "{5B399680-CA09-48FD-B5BA-7635D92520BF}"
	ProjectSection(ProjectDependencies) = postProject
		{D1619926-5DD8-4155-95B4-BA9C2FA52D91} = {D1619926-5DD8-4155-95B4-BA9C2FA52D91}
		{58191E5A-62B6-44AA-83EF-47AA938E2DB9} = {58191E5A-62B6-44AA-83EF-47AA938E2DB9}
	EndProjectSection
EndProject
Project("{8BC9CEB8-8B4A-11D0-8D11-00A0C91BC942}") = "test_cloggerdll", "test_cloggerdll\test_cloggerdll.vcxproj", "{13F741EE-203C-4899-A5A9-DD1CBA863DFF}"
	ProjectSection(ProjectDependencies) = postProject
		{5B399680-CA09-48FD-B5BA-7635D92520BF} = {5B399680-CA09-48FD-B5BA-7635D92520BF}
		{D1619926-5DD8-4155-95B4-BA9C2FA52D91} = {D1619926-5DD8-4155-95B4-BA9C2FA52D91}
		{58191E5A-62B6-44AA-83EF-47AA938E2DB9} = {58191E5A-62B6-44AA-83EF-47AA938E2DB9}
	EndProjectSection
EndProject
Global
	GlobalSection(SolutionConfigurationPlatforms) = preSolution
		Debug|x64 = Debug|x64
		Debug|x86 = Debug|x86
		Release|x64 = Release|x64
		Release|x86 = Release|x86
	EndGlobalSection
	GlobalSection(ProjectConfigurationPlatforms) = postSolution
		{D1619926-5DD8-4155-95B4-BA9C2FA52D91}.Debug|x64.ActiveCfg = Debug|x64
		{D1619926-5DD8-4155-95B4-BA9C2FA52D91}.Debug|x64.Build.0 = Debug|x64
		{D1619926-5DD8-4155-95B4-BA9C2FA52D91}.Debug|x86.ActiveCfg = Debug|Win32
		{D1619926-5DD8-4155-95B4-BA9C2FA52D91}.Debug|x86.Build.0 = Debug|Win32
		{D1619926-5DD8-4155-95B4-BA9C2FA52D91}.Release|x64.ActiveCfg = Release|x64
		{D1619926-5DD8-4155-95B4-BA9C2FA52D91}.Release|x64.Build.0 = Release|x64
		{D1619926-5DD8-4155-95B4-BA9C2FA52D91}.Release|x86.ActiveCfg = Release|Win32
		{D1619926-5DD8-4155-95B4-BA9C2FA52D91}.Release|x86.Build.0 = Release|Win32
		{58191E5A-62B6-44AA-83EF-47AA938E2DB9}.Debug|x64.ActiveCfg = Debug|x64
		{58191E5A-62B6-44AA-83EF-47AA938E2DB9}.Debug|x64.Build.0 = Debug|x64
		{58191E5A-62B6-44AA-83EF-47AA938E2DB9}.Debug|x86.ActiveCfg = Debug|Win32
		{58191E5A-62B6-44AA-83EF-47AA938E2DB9}.Debug|x86.Build.0 = Debug|Win32
		{58191E5A-62B6-44AA-83EF-47AA938E2DB9}.Release|x64.ActiveCfg = Release|x64
		{58191E5A-62B6-44AA-83EF-47AA938E2DB9}.Release|x64.Build.0 = Release|x64
		{58191E5A-62B6-44AA-83EF-47AA938E2DB9}.Release|x86.ActiveCfg = Release|Win32
		{58191E5A-62B6-44AA-83EF-47AA938E2DB9}.Release|x86.Build.0 = Release|Win32
		{5B399680-CA09-48FD-B5BA-7635D92520BF}.Debug|x64.ActiveCfg = Debug|x64
		{5B399680-CA09-48FD-B5BA-7635D92520BF}.Debug|x64.Build.0 = Debug|x64
		{5B399680-CA09-48FD-B5BA-7635D92520BF}.Debug|x86.ActiveCfg = Debug|Win32
		{5B399680-CA09-48FD-B5BA-7635D92520BF}.Debug|x86.Build.0 = Debug|Win32
		{5B399680-CA09-48FD-B5BA-7635D92520BF}.Release|x64.ActiveCfg = Release|x64
		{5B399680-CA09-48FD-B5BA-7635D92520BF}.Release|x64.Build.0 = Release|x64
		{5B399680-CA09-48FD-B5BA-7635D92520BF}.Release|x86.ActiveCfg = Release|Win32
		{5B399680-CA09-48FD-B5BA-7635D92520BF}.Release|x86.Build.0 = Release|Win32
		{13F741EE-203C-4899-A5A9-DD1CBA863DFF}.Debug|x64.ActiveCfg = Debug|x64
		{13F741EE-203C-4899-A5A9-DD1CBA863DFF}.Debug|x64.Build.0 = Debug|x64
		{13F741EE-203C-4899-A5A9-DD1CBA863DFF}.Debug|x86.ActiveCfg = Debug|Win32
		{13F741EE-203C-4899-A5A9-DD1CBA863DFF}.Debug|x86.Build.0 = Debug|Win32
		{13F741EE-203C-4899-A5A9-DD1CBA863DFF}.Release|x64.ActiveCfg = Release|x64
		{13F741EE-203C-4899-A5A9-DD1CBA863DFF}.Release|x64.Build.0 = Release|x64
		{13F741EE-203C-4899-A5A9-DD1CBA863DFF}.Release|x86.ActiveCfg = Release|Win32
		{13F741EE-203C-4899-A5A9-DD1CBA863DFF}.Release|x86.Build.0 = Release|Win32
	EndGlobalSection
	GlobalSection(SolutionProperties) = preSolution
		HideSolutionNode = FALSE
	EndGlobalSection
	GlobalSection(ExtensibilityGlobals) = postSolution
		SolutionGuid = {8E56E353-A169-4781-858F-68FE57F604C6}
	EndGlobalSection
EndGlobal
