
Microsoft Visual Studio Solution File, Format Version 12.00
# Visual Studio 14
VisualStudioVersion = 14.0.25420.1
MinimumVisualStudioVersion = 10.0.40219.1
Project("{8BC9CEB8-8B4A-11D0-8D11-00A0C91BC942}") = "libclogger", "libclogger\libclogger.vcxproj", "{697A8324-B61D-41E1-B68F-55F7FD2DF6E7}"
EndProject
Project("{8BC9CEB8-8B4A-11D0-8D11-00A0C91BC942}") = "libclogger_dll", "libclogger_dll\libclogger_dll.vcxproj", "{6E47CFF1-49E1-4A83-A290-CD651B233888}"
EndProject
Global
	GlobalSection(SolutionConfigurationPlatforms) = preSolution
		Debug|x64 = Debug|x64
		Debug|x86 = Debug|x86
		Release|x64 = Release|x64
		Release|x86 = Release|x86
	EndGlobalSection
	GlobalSection(ProjectConfigurationPlatforms) = postSolution
		{697A8324-B61D-41E1-B68F-55F7FD2DF6E7}.Debug|x64.ActiveCfg = Debug|x64
		{697A8324-B61D-41E1-B68F-55F7FD2DF6E7}.Debug|x64.Build.0 = Debug|x64
		{697A8324-B61D-41E1-B68F-55F7FD2DF6E7}.Debug|x86.ActiveCfg = Debug|Win32
		{697A8324-B61D-41E1-B68F-55F7FD2DF6E7}.Debug|x86.Build.0 = Debug|Win32
		{697A8324-B61D-41E1-B68F-55F7FD2DF6E7}.Release|x64.ActiveCfg = Release|x64
		{697A8324-B61D-41E1-B68F-55F7FD2DF6E7}.Release|x64.Build.0 = Release|x64
		{697A8324-B61D-41E1-B68F-55F7FD2DF6E7}.Release|x86.ActiveCfg = Release|Win32
		{697A8324-B61D-41E1-B68F-55F7FD2DF6E7}.Release|x86.Build.0 = Release|Win32
		{6E47CFF1-49E1-4A83-A290-CD651B233888}.Debug|x64.ActiveCfg = Debug|x64
		{6E47CFF1-49E1-4A83-A290-CD651B233888}.Debug|x64.Build.0 = Debug|x64
		{6E47CFF1-49E1-4A83-A290-CD651B233888}.Debug|x86.ActiveCfg = Debug|Win32
		{6E47CFF1-49E1-4A83-A290-CD651B233888}.Debug|x86.Build.0 = Debug|Win32
		{6E47CFF1-49E1-4A83-A290-CD651B233888}.Release|x64.ActiveCfg = Release|x64
		{6E47CFF1-49E1-4A83-A290-CD651B233888}.Release|x64.Build.0 = Release|x64
		{6E47CFF1-49E1-4A83-A290-CD651B233888}.Release|x86.ActiveCfg = Release|Win32
		{6E47CFF1-49E1-4A83-A290-CD651B233888}.Release|x86.Build.0 = Release|Win32
	EndGlobalSection
	GlobalSection(SolutionProperties) = preSolution
		HideSolutionNode = FALSE
	EndGlobalSection
EndGlobal
